
Microsoft Visual Studio Solution File, Format Version 12.00
# Visual Studio 15
VisualStudioVersion = 15.0.27130.2027
MinimumVisualStudioVersion = 10.0.40219.1
Project("{8BC9CEB8-8B4A-11D0-8D11-00A0C91BC942}") = "729", "729\729.vcxproj", "{A6653A31-CC32-44E7-A970-EF3DE45E2688}"
EndProject
Global
	GlobalSection(SolutionConfigurationPlatforms) = preSolution
		Debug|x64 = Debug|x64
		Debug|x86 = Debug|x86
		Release|x64 = Release|x64
		Release|x86 = Release|x86
	EndGlobalSection
	GlobalSection(ProjectConfigurationPlatforms) = postSolution
		{A6653A31-CC32-44E7-A970-EF3DE45E2688}.Debug|x64.ActiveCfg = Debug|x64
		{A6653A31-CC32-44E7-A970-EF3DE45E2688}.Debug|x64.Build.0 = Debug|x64
		{A6653A31-CC32-44E7-A970-EF3DE45E2688}.Debug|x86.ActiveCfg = Debug|Win32
		{A6653A31-CC32-44E7-A970-EF3DE45E2688}.Debug|x86.Build.0 = Debug|Win32
		{A6653A31-CC32-44E7-A970-EF3DE45E2688}.Release|x64.ActiveCfg = Release|x64
		{A6653A31-CC32-44E7-A970-EF3DE45E2688}.Release|x64.Build.0 = Release|x64
		{A6653A31-CC32-44E7-A970-EF3DE45E2688}.Release|x86.ActiveCfg = Release|Win32
		{A6653A31-CC32-44E7-A970-EF3DE45E2688}.Release|x86.Build.0 = Release|Win32
	EndGlobalSection
	GlobalSection(SolutionProperties) = preSolution
		HideSolutionNode = FALSE
	EndGlobalSection
	GlobalSection(ExtensibilityGlobals) = postSolution
		SolutionGuid = {380DD8AE-0832-4F25-A79D-9F6963376AC9}
	EndGlobalSection
EndGlobal
