
Microsoft Visual Studio Solution File, Format Version 12.00
# Visual Studio 14
VisualStudioVersion = 14.0.25420.1
MinimumVisualStudioVersion = 10.0.40219.1
Project("{8BC9CEB8-8B4A-11D0-8D11-00A0C91BC942}") = "136", "136\136.vcxproj", "{572967AB-C9F8-441B-8A23-27C8FAA162EB}"
EndProject
Global
	GlobalSection(SolutionConfigurationPlatforms) = preSolution
		Debug|x64 = Debug|x64
		Debug|x86 = Debug|x86
		Release|x64 = Release|x64
		Release|x86 = Release|x86
	EndGlobalSection
	GlobalSection(ProjectConfigurationPlatforms) = postSolution
		{572967AB-C9F8-441B-8A23-27C8FAA162EB}.Debug|x64.ActiveCfg = Debug|x64
		{572967AB-C9F8-441B-8A23-27C8FAA162EB}.Debug|x64.Build.0 = Debug|x64
		{572967AB-C9F8-441B-8A23-27C8FAA162EB}.Debug|x86.ActiveCfg = Debug|Win32
		{572967AB-C9F8-441B-8A23-27C8FAA162EB}.Debug|x86.Build.0 = Debug|Win32
		{572967AB-C9F8-441B-8A23-27C8FAA162EB}.Release|x64.ActiveCfg = Release|x64
		{572967AB-C9F8-441B-8A23-27C8FAA162EB}.Release|x64.Build.0 = Release|x64
		{572967AB-C9F8-441B-8A23-27C8FAA162EB}.Release|x86.ActiveCfg = Release|Win32
		{572967AB-C9F8-441B-8A23-27C8FAA162EB}.Release|x86.Build.0 = Release|Win32
	EndGlobalSection
	GlobalSection(SolutionProperties) = preSolution
		HideSolutionNode = FALSE
	EndGlobalSection
EndGlobal
